// !$*UTF8*$!
{
	archiveVersion = 1;
	classes = {
	};
	objectVersion = 56;
	objects = {

/* Begin PBXBuildFile section */
		671AC9762B2C47C900C86D73 /* SelectReminderListViewController.swift in Sources */ = {isa = PBXBuildFile; fileRef = 671AC9752B2C47C900C86D73 /* SelectReminderListViewController.swift */; };
		671AC97A2B2C59A200C86D73 /* ReminderListMockRepository.swift in Sources */ = {isa = PBXBuildFile; fileRef = 671AC9792B2C59A200C86D73 /* ReminderListMockRepository.swift */; };
		671AC97C2B2C5B7300C86D73 /* ReminderMockRepository.swift in Sources */ = {isa = PBXBuildFile; fileRef = 671AC97B2B2C5B7300C86D73 /* ReminderMockRepository.swift */; };
		671E801D2B3563FD009D1A4D /* ArrayExtensions.swift in Sources */ = {isa = PBXBuildFile; fileRef = 671E801C2B3563FD009D1A4D /* ArrayExtensions.swift */; };
		671E801F2B359396009D1A4D /* RemindersViewController+CellConfiguration.swift in Sources */ = {isa = PBXBuildFile; fileRef = 671E801E2B359396009D1A4D /* RemindersViewController+CellConfiguration.swift */; };
		673965BC2B207281009220AD /* ReminderViewController.swift in Sources */ = {isa = PBXBuildFile; fileRef = 673965BB2B207281009220AD /* ReminderViewController.swift */; };
		673965C22B208018009220AD /* ReminderViewController+CellConfiguration.swift in Sources */ = {isa = PBXBuildFile; fileRef = 673965C12B208018009220AD /* ReminderViewController+CellConfiguration.swift */; };
		673965C42B20805A009220AD /* TextViewContentView.swift in Sources */ = {isa = PBXBuildFile; fileRef = 673965C32B20805A009220AD /* TextViewContentView.swift */; };
		673965C62B20ADBE009220AD /* DatePickerContentView.swift in Sources */ = {isa = PBXBuildFile; fileRef = 673965C52B20ADBE009220AD /* DatePickerContentView.swift */; };
		6748B85E2B33CC5E0049AE6B /* ReminderListNetworkDataSource.swift in Sources */ = {isa = PBXBuildFile; fileRef = 6748B85D2B33CC5E0049AE6B /* ReminderListNetworkDataSource.swift */; };
		6748B8602B33CC770049AE6B /* ReminderNetworkDataSource.swift in Sources */ = {isa = PBXBuildFile; fileRef = 6748B85F2B33CC770049AE6B /* ReminderNetworkDataSource.swift */; };
		6754A2252B21A2E50050AC41 /* ReminderViewController+DataSource.swift in Sources */ = {isa = PBXBuildFile; fileRef = 6754A2242B21A2E50050AC41 /* ReminderViewController+DataSource.swift */; };
		675512712B270D15005589CB /* PlaceholderTextView.swift in Sources */ = {isa = PBXBuildFile; fileRef = 675512702B270D15005589CB /* PlaceholderTextView.swift */; };
		6769F5442B1F6ED40074B2A1 /* RemindersViewController+DataSource.swift in Sources */ = {isa = PBXBuildFile; fileRef = 6769F5432B1F6ED40074B2A1 /* RemindersViewController+DataSource.swift */; };
		676A5B9E2B2998FA00BA1661 /* ReminderList.swift in Sources */ = {isa = PBXBuildFile; fileRef = 676A5B9D2B2998FA00BA1661 /* ReminderList.swift */; };
		676A5BA12B299AFD00BA1661 /* ReminderListsViewController.swift in Sources */ = {isa = PBXBuildFile; fileRef = 676A5BA02B299AFD00BA1661 /* ReminderListsViewController.swift */; };
		676A5BA52B29B73400BA1661 /* ReminderListsViewController+Action.swift in Sources */ = {isa = PBXBuildFile; fileRef = 676A5BA42B29B73400BA1661 /* ReminderListsViewController+Action.swift */; };
		676A5BA72B29B73F00BA1661 /* ReminderListsViewController+DataSource.swift in Sources */ = {isa = PBXBuildFile; fileRef = 676A5BA62B29B73F00BA1661 /* ReminderListsViewController+DataSource.swift */; };
		676A5BAA2B29B76900BA1661 /* ReminderListViewController.swift in Sources */ = {isa = PBXBuildFile; fileRef = 676A5BA92B29B76900BA1661 /* ReminderListViewController.swift */; };
		676A5BAC2B29D03600BA1661 /* ReminderListsViewController+CellConfiguration.swift in Sources */ = {isa = PBXBuildFile; fileRef = 676A5BAB2B29D03600BA1661 /* ReminderListsViewController+CellConfiguration.swift */; };
		677B955C2B2AE3510002D4FE /* ReminderListNameContentView.swift in Sources */ = {isa = PBXBuildFile; fileRef = 677B955B2B2AE3510002D4FE /* ReminderListNameContentView.swift */; };
		677B955E2B2AE5E00002D4FE /* ReminderListViewController+Action.swift in Sources */ = {isa = PBXBuildFile; fileRef = 677B955D2B2AE5E00002D4FE /* ReminderListViewController+Action.swift */; };
		677B95622B2AE6510002D4FE /* ReminderListViewController+DataSource.swift in Sources */ = {isa = PBXBuildFile; fileRef = 677B95612B2AE6510002D4FE /* ReminderListViewController+DataSource.swift */; };
		677B95652B2B08740002D4FE /* UIView+Hierarchy.swift in Sources */ = {isa = PBXBuildFile; fileRef = 677B95642B2B08740002D4FE /* UIView+Hierarchy.swift */; };
		6781D29A2B302063003FAF1D /* DefaultReminderNetworkDataSource.swift in Sources */ = {isa = PBXBuildFile; fileRef = 6781D2992B302063003FAF1D /* DefaultReminderNetworkDataSource.swift */; };
		6781D29C2B30206D003FAF1D /* DefaultReminderListNetworkDataSource.swift in Sources */ = {isa = PBXBuildFile; fileRef = 6781D29B2B30206D003FAF1D /* DefaultReminderListNetworkDataSource.swift */; };
		6781D29E2B3022CB003FAF1D /* ReminderFirestore.swift in Sources */ = {isa = PBXBuildFile; fileRef = 6781D29D2B3022CB003FAF1D /* ReminderFirestore.swift */; };
		6781D2A72B304605003FAF1D /* NetworkReminderList.swift in Sources */ = {isa = PBXBuildFile; fileRef = 6781D2A62B304605003FAF1D /* NetworkReminderList.swift */; };
		6781D2A92B304611003FAF1D /* NetworkReminder.swift in Sources */ = {isa = PBXBuildFile; fileRef = 6781D2A82B304611003FAF1D /* NetworkReminder.swift */; };
		6781D2AC2B30468C003FAF1D /* Reminder+Mapping.swift in Sources */ = {isa = PBXBuildFile; fileRef = 6781D2AB2B30468C003FAF1D /* Reminder+Mapping.swift */; };
		6781D2AE2B304695003FAF1D /* ReminderList+Mapping.swift in Sources */ = {isa = PBXBuildFile; fileRef = 6781D2AD2B304695003FAF1D /* ReminderList+Mapping.swift */; };
		6781D2B32B3048D2003FAF1D /* FirebaseAnalytics in Frameworks */ = {isa = PBXBuildFile; productRef = 6781D2B22B3048D2003FAF1D /* FirebaseAnalytics */; };
		6781D2B52B3048D2003FAF1D /* FirebaseAnalyticsOnDeviceConversion in Frameworks */ = {isa = PBXBuildFile; productRef = 6781D2B42B3048D2003FAF1D /* FirebaseAnalyticsOnDeviceConversion */; };
		6781D2B72B3048D2003FAF1D /* FirebaseAnalyticsSwift in Frameworks */ = {isa = PBXBuildFile; productRef = 6781D2B62B3048D2003FAF1D /* FirebaseAnalyticsSwift */; };
		6781D2B92B3048D2003FAF1D /* FirebaseAnalyticsWithoutAdIdSupport in Frameworks */ = {isa = PBXBuildFile; productRef = 6781D2B82B3048D2003FAF1D /* FirebaseAnalyticsWithoutAdIdSupport */; };
		6781D2BB2B3048D2003FAF1D /* FirebaseAppCheck in Frameworks */ = {isa = PBXBuildFile; productRef = 6781D2BA2B3048D2003FAF1D /* FirebaseAppCheck */; };
		6781D2BD2B3048D2003FAF1D /* FirebaseAppDistribution-Beta in Frameworks */ = {isa = PBXBuildFile; productRef = 6781D2BC2B3048D2003FAF1D /* FirebaseAppDistribution-Beta */; };
		6781D2BF2B3048D2003FAF1D /* FirebaseAuth in Frameworks */ = {isa = PBXBuildFile; productRef = 6781D2BE2B3048D2003FAF1D /* FirebaseAuth */; };
		6781D2C12B3048D2003FAF1D /* FirebaseAuthCombine-Community in Frameworks */ = {isa = PBXBuildFile; productRef = 6781D2C02B3048D2003FAF1D /* FirebaseAuthCombine-Community */; };
		6781D2C32B3048D2003FAF1D /* FirebaseCrashlytics in Frameworks */ = {isa = PBXBuildFile; productRef = 6781D2C22B3048D2003FAF1D /* FirebaseCrashlytics */; };
		6781D2C52B3048D2003FAF1D /* FirebaseDatabase in Frameworks */ = {isa = PBXBuildFile; productRef = 6781D2C42B3048D2003FAF1D /* FirebaseDatabase */; };
		6781D2C72B3048D2003FAF1D /* FirebaseDatabaseSwift in Frameworks */ = {isa = PBXBuildFile; productRef = 6781D2C62B3048D2003FAF1D /* FirebaseDatabaseSwift */; };
		6781D2C92B3048D2003FAF1D /* FirebaseDynamicLinks in Frameworks */ = {isa = PBXBuildFile; productRef = 6781D2C82B3048D2003FAF1D /* FirebaseDynamicLinks */; };
		6781D2CB2B3048D2003FAF1D /* FirebaseFirestore in Frameworks */ = {isa = PBXBuildFile; productRef = 6781D2CA2B3048D2003FAF1D /* FirebaseFirestore */; };
		6781D2CD2B3048D2003FAF1D /* FirebaseFirestoreCombine-Community in Frameworks */ = {isa = PBXBuildFile; productRef = 6781D2CC2B3048D2003FAF1D /* FirebaseFirestoreCombine-Community */; };
		6781D2CF2B3048D2003FAF1D /* FirebaseFirestoreSwift in Frameworks */ = {isa = PBXBuildFile; productRef = 6781D2CE2B3048D2003FAF1D /* FirebaseFirestoreSwift */; };
		6781D2D12B3048D2003FAF1D /* FirebaseFunctions in Frameworks */ = {isa = PBXBuildFile; productRef = 6781D2D02B3048D2003FAF1D /* FirebaseFunctions */; };
		6781D2D32B3048D2003FAF1D /* FirebaseFunctionsCombine-Community in Frameworks */ = {isa = PBXBuildFile; productRef = 6781D2D22B3048D2003FAF1D /* FirebaseFunctionsCombine-Community */; };
		6781D2D52B3048D2003FAF1D /* FirebaseInAppMessaging-Beta in Frameworks */ = {isa = PBXBuildFile; productRef = 6781D2D42B3048D2003FAF1D /* FirebaseInAppMessaging-Beta */; };
		6781D2D72B3048D2003FAF1D /* FirebaseInAppMessagingSwift-Beta in Frameworks */ = {isa = PBXBuildFile; productRef = 6781D2D62B3048D2003FAF1D /* FirebaseInAppMessagingSwift-Beta */; };
		6781D2D92B3048D2003FAF1D /* FirebaseInstallations in Frameworks */ = {isa = PBXBuildFile; productRef = 6781D2D82B3048D2003FAF1D /* FirebaseInstallations */; };
		6781D2DB2B3048D2003FAF1D /* FirebaseMLModelDownloader in Frameworks */ = {isa = PBXBuildFile; productRef = 6781D2DA2B3048D2003FAF1D /* FirebaseMLModelDownloader */; };
		6781D2DD2B3048D2003FAF1D /* FirebaseMessaging in Frameworks */ = {isa = PBXBuildFile; productRef = 6781D2DC2B3048D2003FAF1D /* FirebaseMessaging */; };
		6781D2DF2B3048D2003FAF1D /* FirebasePerformance in Frameworks */ = {isa = PBXBuildFile; productRef = 6781D2DE2B3048D2003FAF1D /* FirebasePerformance */; };
		6781D2E12B3048D2003FAF1D /* FirebaseRemoteConfig in Frameworks */ = {isa = PBXBuildFile; productRef = 6781D2E02B3048D2003FAF1D /* FirebaseRemoteConfig */; };
		6781D2E32B3048D2003FAF1D /* FirebaseRemoteConfigSwift in Frameworks */ = {isa = PBXBuildFile; productRef = 6781D2E22B3048D2003FAF1D /* FirebaseRemoteConfigSwift */; };
		6781D2E52B3048D2003FAF1D /* FirebaseStorage in Frameworks */ = {isa = PBXBuildFile; productRef = 6781D2E42B3048D2003FAF1D /* FirebaseStorage */; };
		6781D2E72B3048D2003FAF1D /* FirebaseStorageCombine-Community in Frameworks */ = {isa = PBXBuildFile; productRef = 6781D2E62B3048D2003FAF1D /* FirebaseStorageCombine-Community */; };
		6781D2E92B30517C003FAF1D /* ReminderListType.swift in Sources */ = {isa = PBXBuildFile; fileRef = 6781D2E82B30517C003FAF1D /* ReminderListType.swift */; };
		6781D2F12B307539003FAF1D /* DefaultReminderListRepository.swift in Sources */ = {isa = PBXBuildFile; fileRef = 6781D2F02B307539003FAF1D /* DefaultReminderListRepository.swift */; };
		6781D2F32B307553003FAF1D /* DefaultReminderRepository.swift in Sources */ = {isa = PBXBuildFile; fileRef = 6781D2F22B307553003FAF1D /* DefaultReminderRepository.swift */; };
		67A5A0EF2B2D92CA009AA74E /* ReminderListRepository.swift in Sources */ = {isa = PBXBuildFile; fileRef = 67A5A0EE2B2D92CA009AA74E /* ReminderListRepository.swift */; };
		67A5A0F12B2D92D9009AA74E /* ReminderRepository.swift in Sources */ = {isa = PBXBuildFile; fileRef = 67A5A0F02B2D92D9009AA74E /* ReminderRepository.swift */; };
		67AA78712B28449F007AE7BE /* AddReminderButton.swift in Sources */ = {isa = PBXBuildFile; fileRef = 67AA78702B28449F007AE7BE /* AddReminderButton.swift */; };
		67CEE46A2B31B78000D9ACE1 /* UIColor+Hex.swift in Sources */ = {isa = PBXBuildFile; fileRef = 67CEE4692B31B78000D9ACE1 /* UIColor+Hex.swift */; };
		67D6F9E52B20680D0095AA11 /* ReminderCompleteButton.swift in Sources */ = {isa = PBXBuildFile; fileRef = 67D6F9E42B20680D0095AA11 /* ReminderCompleteButton.swift */; };
		67D6F9E72B206A1A0095AA11 /* RemindersViewController+Action.swift in Sources */ = {isa = PBXBuildFile; fileRef = 67D6F9E62B206A1A0095AA11 /* RemindersViewController+Action.swift */; };
		67E1050D2B22D40100151738 /* ReminderViewController+Action.swift in Sources */ = {isa = PBXBuildFile; fileRef = 67E1050C2B22D40100151738 /* ReminderViewController+Action.swift */; };
		67E1050F2B22D50700151738 /* TimePickerContentView.swift in Sources */ = {isa = PBXBuildFile; fileRef = 67E1050E2B22D50700151738 /* TimePickerContentView.swift */; };
		67F13E822B1F2BC300525CA6 /* AppDelegate.swift in Sources */ = {isa = PBXBuildFile; fileRef = 67F13E812B1F2BC300525CA6 /* AppDelegate.swift */; };
		67F13E842B1F2BC300525CA6 /* SceneDelegate.swift in Sources */ = {isa = PBXBuildFile; fileRef = 67F13E832B1F2BC300525CA6 /* SceneDelegate.swift */; };
		67F13E862B1F2BC300525CA6 /* RemindersViewController.swift in Sources */ = {isa = PBXBuildFile; fileRef = 67F13E852B1F2BC300525CA6 /* RemindersViewController.swift */; };
		67F13E892B1F2BC300525CA6 /* Main.storyboard in Resources */ = {isa = PBXBuildFile; fileRef = 67F13E872B1F2BC300525CA6 /* Main.storyboard */; };
		67F13E8C2B1F2BC300525CA6 /* Have.xcdatamodeld in Sources */ = {isa = PBXBuildFile; fileRef = 67F13E8A2B1F2BC300525CA6 /* Have.xcdatamodeld */; };
		67F13E8E2B1F2BC500525CA6 /* Assets.xcassets in Resources */ = {isa = PBXBuildFile; fileRef = 67F13E8D2B1F2BC500525CA6 /* Assets.xcassets */; };
		67F13E912B1F2BC500525CA6 /* LaunchScreen.storyboard in Resources */ = {isa = PBXBuildFile; fileRef = 67F13E8F2B1F2BC500525CA6 /* LaunchScreen.storyboard */; };
		67F13E992B1F2BDD00525CA6 /* .gitignore in Resources */ = {isa = PBXBuildFile; fileRef = 67F13E982B1F2BDD00525CA6 /* .gitignore */; };
		67F13E9C2B1F2FD100525CA6 /* Reminder.swift in Sources */ = {isa = PBXBuildFile; fileRef = 67F13E9B2B1F2FD100525CA6 /* Reminder.swift */; };
		67F13E9E2B1F381100525CA6 /* Reminder+DateTime.swift in Sources */ = {isa = PBXBuildFile; fileRef = 67F13E9D2B1F381100525CA6 /* Reminder+DateTime.swift */; };
		67F4EFBC2B3BC7B5004642D9 /* GoogleService-Info.plist in Resources */ = {isa = PBXBuildFile; fileRef = 67F4EFBB2B3BC7B5004642D9 /* GoogleService-Info.plist */; };
/* End PBXBuildFile section */

/* Begin PBXFileReference section */
		671AC9752B2C47C900C86D73 /* SelectReminderListViewController.swift */ = {isa = PBXFileReference; lastKnownFileType = sourcecode.swift; path = SelectReminderListViewController.swift; sourceTree = "<group>"; };
		671AC9792B2C59A200C86D73 /* ReminderListMockRepository.swift */ = {isa = PBXFileReference; lastKnownFileType = sourcecode.swift; path = ReminderListMockRepository.swift; sourceTree = "<group>"; };
		671AC97B2B2C5B7300C86D73 /* ReminderMockRepository.swift */ = {isa = PBXFileReference; lastKnownFileType = sourcecode.swift; path = ReminderMockRepository.swift; sourceTree = "<group>"; };
		671E801C2B3563FD009D1A4D /* ArrayExtensions.swift */ = {isa = PBXFileReference; lastKnownFileType = sourcecode.swift; path = ArrayExtensions.swift; sourceTree = "<group>"; };
		671E801E2B359396009D1A4D /* RemindersViewController+CellConfiguration.swift */ = {isa = PBXFileReference; lastKnownFileType = sourcecode.swift; path = "RemindersViewController+CellConfiguration.swift"; sourceTree = "<group>"; };
		673965BB2B207281009220AD /* ReminderViewController.swift */ = {isa = PBXFileReference; lastKnownFileType = sourcecode.swift; path = ReminderViewController.swift; sourceTree = "<group>"; };
		673965C12B208018009220AD /* ReminderViewController+CellConfiguration.swift */ = {isa = PBXFileReference; lastKnownFileType = sourcecode.swift; path = "ReminderViewController+CellConfiguration.swift"; sourceTree = "<group>"; };
		673965C32B20805A009220AD /* TextViewContentView.swift */ = {isa = PBXFileReference; lastKnownFileType = sourcecode.swift; path = TextViewContentView.swift; sourceTree = "<group>"; };
		673965C52B20ADBE009220AD /* DatePickerContentView.swift */ = {isa = PBXFileReference; lastKnownFileType = sourcecode.swift; path = DatePickerContentView.swift; sourceTree = "<group>"; };
		6748B85D2B33CC5E0049AE6B /* ReminderListNetworkDataSource.swift */ = {isa = PBXFileReference; lastKnownFileType = sourcecode.swift; path = ReminderListNetworkDataSource.swift; sourceTree = "<group>"; };
		6748B85F2B33CC770049AE6B /* ReminderNetworkDataSource.swift */ = {isa = PBXFileReference; lastKnownFileType = sourcecode.swift; path = ReminderNetworkDataSource.swift; sourceTree = "<group>"; };
		6754A2242B21A2E50050AC41 /* ReminderViewController+DataSource.swift */ = {isa = PBXFileReference; lastKnownFileType = sourcecode.swift; path = "ReminderViewController+DataSource.swift"; sourceTree = "<group>"; };
		675512702B270D15005589CB /* PlaceholderTextView.swift */ = {isa = PBXFileReference; lastKnownFileType = sourcecode.swift; path = PlaceholderTextView.swift; sourceTree = "<group>"; };
		6769F5432B1F6ED40074B2A1 /* RemindersViewController+DataSource.swift */ = {isa = PBXFileReference; lastKnownFileType = sourcecode.swift; path = "RemindersViewController+DataSource.swift"; sourceTree = "<group>"; };
		676A5B9D2B2998FA00BA1661 /* ReminderList.swift */ = {isa = PBXFileReference; lastKnownFileType = sourcecode.swift; path = ReminderList.swift; sourceTree = "<group>"; };
		676A5BA02B299AFD00BA1661 /* ReminderListsViewController.swift */ = {isa = PBXFileReference; lastKnownFileType = sourcecode.swift; path = ReminderListsViewController.swift; sourceTree = "<group>"; };
		676A5BA42B29B73400BA1661 /* ReminderListsViewController+Action.swift */ = {isa = PBXFileReference; lastKnownFileType = sourcecode.swift; path = "ReminderListsViewController+Action.swift"; sourceTree = "<group>"; };
		676A5BA62B29B73F00BA1661 /* ReminderListsViewController+DataSource.swift */ = {isa = PBXFileReference; lastKnownFileType = sourcecode.swift; path = "ReminderListsViewController+DataSource.swift"; sourceTree = "<group>"; };
		676A5BA92B29B76900BA1661 /* ReminderListViewController.swift */ = {isa = PBXFileReference; lastKnownFileType = sourcecode.swift; path = ReminderListViewController.swift; sourceTree = "<group>"; };
		676A5BAB2B29D03600BA1661 /* ReminderListsViewController+CellConfiguration.swift */ = {isa = PBXFileReference; lastKnownFileType = sourcecode.swift; path = "ReminderListsViewController+CellConfiguration.swift"; sourceTree = "<group>"; };
		677B955B2B2AE3510002D4FE /* ReminderListNameContentView.swift */ = {isa = PBXFileReference; lastKnownFileType = sourcecode.swift; path = ReminderListNameContentView.swift; sourceTree = "<group>"; };
		677B955D2B2AE5E00002D4FE /* ReminderListViewController+Action.swift */ = {isa = PBXFileReference; lastKnownFileType = sourcecode.swift; path = "ReminderListViewController+Action.swift"; sourceTree = "<group>"; };
		677B95612B2AE6510002D4FE /* ReminderListViewController+DataSource.swift */ = {isa = PBXFileReference; lastKnownFileType = sourcecode.swift; path = "ReminderListViewController+DataSource.swift"; sourceTree = "<group>"; };
		677B95642B2B08740002D4FE /* UIView+Hierarchy.swift */ = {isa = PBXFileReference; lastKnownFileType = sourcecode.swift; path = "UIView+Hierarchy.swift"; sourceTree = "<group>"; };
		6781D2992B302063003FAF1D /* DefaultReminderNetworkDataSource.swift */ = {isa = PBXFileReference; lastKnownFileType = sourcecode.swift; path = DefaultReminderNetworkDataSource.swift; sourceTree = "<group>"; };
		6781D29B2B30206D003FAF1D /* DefaultReminderListNetworkDataSource.swift */ = {isa = PBXFileReference; lastKnownFileType = sourcecode.swift; path = DefaultReminderListNetworkDataSource.swift; sourceTree = "<group>"; };
		6781D29D2B3022CB003FAF1D /* ReminderFirestore.swift */ = {isa = PBXFileReference; lastKnownFileType = sourcecode.swift; path = ReminderFirestore.swift; sourceTree = "<group>"; };
		6781D2A62B304605003FAF1D /* NetworkReminderList.swift */ = {isa = PBXFileReference; lastKnownFileType = sourcecode.swift; path = NetworkReminderList.swift; sourceTree = "<group>"; };
		6781D2A82B304611003FAF1D /* NetworkReminder.swift */ = {isa = PBXFileReference; lastKnownFileType = sourcecode.swift; path = NetworkReminder.swift; sourceTree = "<group>"; };
		6781D2AB2B30468C003FAF1D /* Reminder+Mapping.swift */ = {isa = PBXFileReference; lastKnownFileType = sourcecode.swift; path = "Reminder+Mapping.swift"; sourceTree = "<group>"; };
		6781D2AD2B304695003FAF1D /* ReminderList+Mapping.swift */ = {isa = PBXFileReference; lastKnownFileType = sourcecode.swift; path = "ReminderList+Mapping.swift"; sourceTree = "<group>"; };
		6781D2E82B30517C003FAF1D /* ReminderListType.swift */ = {isa = PBXFileReference; lastKnownFileType = sourcecode.swift; path = ReminderListType.swift; sourceTree = "<group>"; };
		6781D2F02B307539003FAF1D /* DefaultReminderListRepository.swift */ = {isa = PBXFileReference; lastKnownFileType = sourcecode.swift; path = DefaultReminderListRepository.swift; sourceTree = "<group>"; };
		6781D2F22B307553003FAF1D /* DefaultReminderRepository.swift */ = {isa = PBXFileReference; lastKnownFileType = sourcecode.swift; path = DefaultReminderRepository.swift; sourceTree = "<group>"; };
		67A5A0EE2B2D92CA009AA74E /* ReminderListRepository.swift */ = {isa = PBXFileReference; lastKnownFileType = sourcecode.swift; path = ReminderListRepository.swift; sourceTree = "<group>"; };
		67A5A0F02B2D92D9009AA74E /* ReminderRepository.swift */ = {isa = PBXFileReference; lastKnownFileType = sourcecode.swift; path = ReminderRepository.swift; sourceTree = "<group>"; };
		67AA78702B28449F007AE7BE /* AddReminderButton.swift */ = {isa = PBXFileReference; lastKnownFileType = sourcecode.swift; path = AddReminderButton.swift; sourceTree = "<group>"; };
		67CEE4692B31B78000D9ACE1 /* UIColor+Hex.swift */ = {isa = PBXFileReference; lastKnownFileType = sourcecode.swift; path = "UIColor+Hex.swift"; sourceTree = "<group>"; };
		67D6F9E42B20680D0095AA11 /* ReminderCompleteButton.swift */ = {isa = PBXFileReference; lastKnownFileType = sourcecode.swift; path = ReminderCompleteButton.swift; sourceTree = "<group>"; };
		67D6F9E62B206A1A0095AA11 /* RemindersViewController+Action.swift */ = {isa = PBXFileReference; lastKnownFileType = sourcecode.swift; path = "RemindersViewController+Action.swift"; sourceTree = "<group>"; };
		67E1050C2B22D40100151738 /* ReminderViewController+Action.swift */ = {isa = PBXFileReference; lastKnownFileType = sourcecode.swift; path = "ReminderViewController+Action.swift"; sourceTree = "<group>"; };
		67E1050E2B22D50700151738 /* TimePickerContentView.swift */ = {isa = PBXFileReference; lastKnownFileType = sourcecode.swift; path = TimePickerContentView.swift; sourceTree = "<group>"; };
		67F13E7E2B1F2BC300525CA6 /* Have.app */ = {isa = PBXFileReference; explicitFileType = wrapper.application; includeInIndex = 0; path = Have.app; sourceTree = BUILT_PRODUCTS_DIR; };
		67F13E812B1F2BC300525CA6 /* AppDelegate.swift */ = {isa = PBXFileReference; lastKnownFileType = sourcecode.swift; path = AppDelegate.swift; sourceTree = "<group>"; };
		67F13E832B1F2BC300525CA6 /* SceneDelegate.swift */ = {isa = PBXFileReference; lastKnownFileType = sourcecode.swift; path = SceneDelegate.swift; sourceTree = "<group>"; };
		67F13E852B1F2BC300525CA6 /* RemindersViewController.swift */ = {isa = PBXFileReference; lastKnownFileType = sourcecode.swift; path = RemindersViewController.swift; sourceTree = "<group>"; };
		67F13E882B1F2BC300525CA6 /* Base */ = {isa = PBXFileReference; lastKnownFileType = file.storyboard; name = Base; path = Base.lproj/Main.storyboard; sourceTree = "<group>"; };
		67F13E8B2B1F2BC300525CA6 /* Have.xcdatamodel */ = {isa = PBXFileReference; lastKnownFileType = wrapper.xcdatamodel; path = Have.xcdatamodel; sourceTree = "<group>"; };
		67F13E8D2B1F2BC500525CA6 /* Assets.xcassets */ = {isa = PBXFileReference; lastKnownFileType = folder.assetcatalog; path = Assets.xcassets; sourceTree = "<group>"; };
		67F13E902B1F2BC500525CA6 /* Base */ = {isa = PBXFileReference; lastKnownFileType = file.storyboard; name = Base; path = Base.lproj/LaunchScreen.storyboard; sourceTree = "<group>"; };
		67F13E922B1F2BC500525CA6 /* Info.plist */ = {isa = PBXFileReference; lastKnownFileType = text.plist.xml; path = Info.plist; sourceTree = "<group>"; };
		67F13E982B1F2BDD00525CA6 /* .gitignore */ = {isa = PBXFileReference; lastKnownFileType = text; path = .gitignore; sourceTree = "<group>"; };
		67F13E9B2B1F2FD100525CA6 /* Reminder.swift */ = {isa = PBXFileReference; lastKnownFileType = sourcecode.swift; path = Reminder.swift; sourceTree = "<group>"; };
		67F13E9D2B1F381100525CA6 /* Reminder+DateTime.swift */ = {isa = PBXFileReference; lastKnownFileType = sourcecode.swift; path = "Reminder+DateTime.swift"; sourceTree = "<group>"; };
		67F4EFBB2B3BC7B5004642D9 /* GoogleService-Info.plist */ = {isa = PBXFileReference; fileEncoding = 4; lastKnownFileType = text.plist.xml; path = "GoogleService-Info.plist"; sourceTree = "<group>"; };
/* End PBXFileReference section */

/* Begin PBXFrameworksBuildPhase section */
		67F13E7B2B1F2BC300525CA6 /* Frameworks */ = {
			isa = PBXFrameworksBuildPhase;
			buildActionMask = 2147483647;
			files = (
				6781D2C52B3048D2003FAF1D /* FirebaseDatabase in Frameworks */,
				6781D2D32B3048D2003FAF1D /* FirebaseFunctionsCombine-Community in Frameworks */,
				6781D2CB2B3048D2003FAF1D /* FirebaseFirestore in Frameworks */,
				6781D2B72B3048D2003FAF1D /* FirebaseAnalyticsSwift in Frameworks */,
				6781D2B32B3048D2003FAF1D /* FirebaseAnalytics in Frameworks */,
				6781D2B52B3048D2003FAF1D /* FirebaseAnalyticsOnDeviceConversion in Frameworks */,
				6781D2DB2B3048D2003FAF1D /* FirebaseMLModelDownloader in Frameworks */,
				6781D2CF2B3048D2003FAF1D /* FirebaseFirestoreSwift in Frameworks */,
				6781D2BB2B3048D2003FAF1D /* FirebaseAppCheck in Frameworks */,
				6781D2B92B3048D2003FAF1D /* FirebaseAnalyticsWithoutAdIdSupport in Frameworks */,
				6781D2BF2B3048D2003FAF1D /* FirebaseAuth in Frameworks */,
				6781D2C32B3048D2003FAF1D /* FirebaseCrashlytics in Frameworks */,
				6781D2E32B3048D2003FAF1D /* FirebaseRemoteConfigSwift in Frameworks */,
				6781D2D52B3048D2003FAF1D /* FirebaseInAppMessaging-Beta in Frameworks */,
				6781D2C72B3048D2003FAF1D /* FirebaseDatabaseSwift in Frameworks */,
				6781D2D12B3048D2003FAF1D /* FirebaseFunctions in Frameworks */,
				6781D2E72B3048D2003FAF1D /* FirebaseStorageCombine-Community in Frameworks */,
				6781D2E12B3048D2003FAF1D /* FirebaseRemoteConfig in Frameworks */,
				6781D2BD2B3048D2003FAF1D /* FirebaseAppDistribution-Beta in Frameworks */,
				6781D2C12B3048D2003FAF1D /* FirebaseAuthCombine-Community in Frameworks */,
				6781D2DF2B3048D2003FAF1D /* FirebasePerformance in Frameworks */,
				6781D2D72B3048D2003FAF1D /* FirebaseInAppMessagingSwift-Beta in Frameworks */,
				6781D2E52B3048D2003FAF1D /* FirebaseStorage in Frameworks */,
				6781D2C92B3048D2003FAF1D /* FirebaseDynamicLinks in Frameworks */,
				6781D2CD2B3048D2003FAF1D /* FirebaseFirestoreCombine-Community in Frameworks */,
				6781D2DD2B3048D2003FAF1D /* FirebaseMessaging in Frameworks */,
				6781D2D92B3048D2003FAF1D /* FirebaseInstallations in Frameworks */,
			);
			runOnlyForDeploymentPostprocessing = 0;
		};
/* End PBXFrameworksBuildPhase section */

/* Begin PBXGroup section */
		67071F182B2FD430001B3883 /* Component */ = {
			isa = PBXGroup;
			children = (
				67AA78702B28449F007AE7BE /* AddReminderButton.swift */,
				67D6F9E42B20680D0095AA11 /* ReminderCompleteButton.swift */,
				675512702B270D15005589CB /* PlaceholderTextView.swift */,
			);
			path = Component;
			sourceTree = "<group>";
		};
		671AC9742B2C47A800C86D73 /* SelectReminderList */ = {
			isa = PBXGroup;
			children = (
				671AC9752B2C47C900C86D73 /* SelectReminderListViewController.swift */,
			);
			path = SelectReminderList;
			sourceTree = "<group>";
		};
		6769F5472B1F733D0074B2A1 /* Components */ = {
			isa = PBXGroup;
			children = (
				67071F182B2FD430001B3883 /* Component */,
				67AA78722B2844AE007AE7BE /* ContentView */,
			);
			path = Components;
			sourceTree = "<group>";
		};
		676A5B9F2B299ABE00BA1661 /* ReminderLists */ = {
			isa = PBXGroup;
			children = (
				676A5BA02B299AFD00BA1661 /* ReminderListsViewController.swift */,
				676A5BA62B29B73F00BA1661 /* ReminderListsViewController+DataSource.swift */,
				676A5BAB2B29D03600BA1661 /* ReminderListsViewController+CellConfiguration.swift */,
				676A5BA42B29B73400BA1661 /* ReminderListsViewController+Action.swift */,
			);
			path = ReminderLists;
			sourceTree = "<group>";
		};
		676A5BA82B29B74A00BA1661 /* ReminderList */ = {
			isa = PBXGroup;
			children = (
				676A5BA92B29B76900BA1661 /* ReminderListViewController.swift */,
				677B95612B2AE6510002D4FE /* ReminderListViewController+DataSource.swift */,
				677B955D2B2AE5E00002D4FE /* ReminderListViewController+Action.swift */,
			);
			path = ReminderList;
			sourceTree = "<group>";
		};
		677B95632B2B080C0002D4FE /* Common */ = {
			isa = PBXGroup;
			children = (
				677B95642B2B08740002D4FE /* UIView+Hierarchy.swift */,
				67CEE4692B31B78000D9ACE1 /* UIColor+Hex.swift */,
				671E801C2B3563FD009D1A4D /* ArrayExtensions.swift */,
			);
			path = Common;
			sourceTree = "<group>";
		};
		6781D2982B301F26003FAF1D /* DataSource */ = {
			isa = PBXGroup;
			children = (
				6781D2A42B3024D9003FAF1D /* Local */,
				6781D29F2B30249B003FAF1D /* Network */,
			);
			path = DataSource;
			sourceTree = "<group>";
		};
		6781D29F2B30249B003FAF1D /* Network */ = {
			isa = PBXGroup;
			children = (
				6781D2A52B3045F3003FAF1D /* Model */,
				6781D29B2B30206D003FAF1D /* DefaultReminderListNetworkDataSource.swift */,
				6781D2992B302063003FAF1D /* DefaultReminderNetworkDataSource.swift */,
				6748B85D2B33CC5E0049AE6B /* ReminderListNetworkDataSource.swift */,
				6748B85F2B33CC770049AE6B /* ReminderNetworkDataSource.swift */,
				6781D29D2B3022CB003FAF1D /* ReminderFirestore.swift */,
			);
			path = Network;
			sourceTree = "<group>";
		};
		6781D2A42B3024D9003FAF1D /* Local */ = {
			isa = PBXGroup;
			children = (
			);
			path = Local;
			sourceTree = "<group>";
		};
		6781D2A52B3045F3003FAF1D /* Model */ = {
			isa = PBXGroup;
			children = (
				6781D2A62B304605003FAF1D /* NetworkReminderList.swift */,
				6781D2A82B304611003FAF1D /* NetworkReminder.swift */,
			);
			path = Model;
			sourceTree = "<group>";
		};
		6781D2AA2B30464D003FAF1D /* Mapping */ = {
			isa = PBXGroup;
			children = (
				6781D2AB2B30468C003FAF1D /* Reminder+Mapping.swift */,
				6781D2AD2B304695003FAF1D /* ReminderList+Mapping.swift */,
			);
			path = Mapping;
			sourceTree = "<group>";
		};
		67A5A0EC2B2D92A5009AA74E /* Repository */ = {
			isa = PBXGroup;
			children = (
				67A5A0ED2B2D92B3009AA74E /* TestDouble */,
				6781D2AA2B30464D003FAF1D /* Mapping */,
				67A5A0EE2B2D92CA009AA74E /* ReminderListRepository.swift */,
				67A5A0F02B2D92D9009AA74E /* ReminderRepository.swift */,
				6781D2F02B307539003FAF1D /* DefaultReminderListRepository.swift */,
				6781D2F22B307553003FAF1D /* DefaultReminderRepository.swift */,
			);
			path = Repository;
			sourceTree = "<group>";
		};
		67A5A0ED2B2D92B3009AA74E /* TestDouble */ = {
			isa = PBXGroup;
			children = (
				671AC9792B2C59A200C86D73 /* ReminderListMockRepository.swift */,
				671AC97B2B2C5B7300C86D73 /* ReminderMockRepository.swift */,
			);
			path = TestDouble;
			sourceTree = "<group>";
		};
		67AA78722B2844AE007AE7BE /* ContentView */ = {
			isa = PBXGroup;
			children = (
				673965C32B20805A009220AD /* TextViewContentView.swift */,
				673965C52B20ADBE009220AD /* DatePickerContentView.swift */,
				67E1050E2B22D50700151738 /* TimePickerContentView.swift */,
				677B955B2B2AE3510002D4FE /* ReminderListNameContentView.swift */,
			);
			path = ContentView;
			sourceTree = "<group>";
		};
		67F13E752B1F2BC300525CA6 = {
			isa = PBXGroup;
			children = (
				67F13E982B1F2BDD00525CA6 /* .gitignore */,
				67F13E802B1F2BC300525CA6 /* Have */,
				67F13E7F2B1F2BC300525CA6 /* Products */,
			);
			sourceTree = "<group>";
		};
		67F13E7F2B1F2BC300525CA6 /* Products */ = {
			isa = PBXGroup;
			children = (
				67F13E7E2B1F2BC300525CA6 /* Have.app */,
			);
			name = Products;
			sourceTree = "<group>";
		};
		67F13E802B1F2BC300525CA6 /* Have */ = {
			isa = PBXGroup;
			children = (
				677B95632B2B080C0002D4FE /* Common */,
				67F13EB72B1F504600525CA6 /* Data */,
				67F13EB82B1F50B200525CA6 /* Presentation */,
				67F13E812B1F2BC300525CA6 /* AppDelegate.swift */,
				67F13E832B1F2BC300525CA6 /* SceneDelegate.swift */,
				67F13E872B1F2BC300525CA6 /* Main.storyboard */,
				67F13E8D2B1F2BC500525CA6 /* Assets.xcassets */,
				67F13E8F2B1F2BC500525CA6 /* LaunchScreen.storyboard */,
				67F13E922B1F2BC500525CA6 /* Info.plist */,
				67F4EFBB2B3BC7B5004642D9 /* GoogleService-Info.plist */,
				67F13E8A2B1F2BC300525CA6 /* Have.xcdatamodeld */,
			);
			path = Have;
			sourceTree = "<group>";
		};
		67F13E9A2B1F2FA700525CA6 /* Model */ = {
			isa = PBXGroup;
			children = (
				67F13E9B2B1F2FD100525CA6 /* Reminder.swift */,
				67F13E9D2B1F381100525CA6 /* Reminder+DateTime.swift */,
				676A5B9D2B2998FA00BA1661 /* ReminderList.swift */,
				6781D2E82B30517C003FAF1D /* ReminderListType.swift */,
			);
			path = Model;
			sourceTree = "<group>";
		};
		67F13EB52B1F501300525CA6 /* Reminders */ = {
			isa = PBXGroup;
			children = (
				67F13E852B1F2BC300525CA6 /* RemindersViewController.swift */,
				6769F5432B1F6ED40074B2A1 /* RemindersViewController+DataSource.swift */,
				671E801E2B359396009D1A4D /* RemindersViewController+CellConfiguration.swift */,
				67D6F9E62B206A1A0095AA11 /* RemindersViewController+Action.swift */,
			);
			path = Reminders;
			sourceTree = "<group>";
		};
		67F13EB62B1F501C00525CA6 /* Reminder */ = {
			isa = PBXGroup;
			children = (
				673965BB2B207281009220AD /* ReminderViewController.swift */,
				673965C12B208018009220AD /* ReminderViewController+CellConfiguration.swift */,
				6754A2242B21A2E50050AC41 /* ReminderViewController+DataSource.swift */,
				67E1050C2B22D40100151738 /* ReminderViewController+Action.swift */,
			);
			path = Reminder;
			sourceTree = "<group>";
		};
		67F13EB72B1F504600525CA6 /* Data */ = {
			isa = PBXGroup;
			children = (
				6781D2982B301F26003FAF1D /* DataSource */,
				67A5A0EC2B2D92A5009AA74E /* Repository */,
				67F13E9A2B1F2FA700525CA6 /* Model */,
			);
			path = Data;
			sourceTree = "<group>";
		};
		67F13EB82B1F50B200525CA6 /* Presentation */ = {
			isa = PBXGroup;
			children = (
				6769F5472B1F733D0074B2A1 /* Components */,
				671AC9742B2C47A800C86D73 /* SelectReminderList */,
				67F13EB62B1F501C00525CA6 /* Reminder */,
				67F13EB52B1F501300525CA6 /* Reminders */,
				676A5BA82B29B74A00BA1661 /* ReminderList */,
				676A5B9F2B299ABE00BA1661 /* ReminderLists */,
			);
			path = Presentation;
			sourceTree = "<group>";
		};
/* End PBXGroup section */

/* Begin PBXNativeTarget section */
		67F13E7D2B1F2BC300525CA6 /* Have */ = {
			isa = PBXNativeTarget;
			buildConfigurationList = 67F13E952B1F2BC500525CA6 /* Build configuration list for PBXNativeTarget "Have" */;
			buildPhases = (
				67F13E7A2B1F2BC300525CA6 /* Sources */,
				67F13E7B2B1F2BC300525CA6 /* Frameworks */,
				67F13E7C2B1F2BC300525CA6 /* Resources */,
			);
			buildRules = (
			);
			dependencies = (
			);
			name = Have;
			packageProductDependencies = (
				6781D2B22B3048D2003FAF1D /* FirebaseAnalytics */,
				6781D2B42B3048D2003FAF1D /* FirebaseAnalyticsOnDeviceConversion */,
				6781D2B62B3048D2003FAF1D /* FirebaseAnalyticsSwift */,
				6781D2B82B3048D2003FAF1D /* FirebaseAnalyticsWithoutAdIdSupport */,
				6781D2BA2B3048D2003FAF1D /* FirebaseAppCheck */,
				6781D2BC2B3048D2003FAF1D /* FirebaseAppDistribution-Beta */,
				6781D2BE2B3048D2003FAF1D /* FirebaseAuth */,
				6781D2C02B3048D2003FAF1D /* FirebaseAuthCombine-Community */,
				6781D2C22B3048D2003FAF1D /* FirebaseCrashlytics */,
				6781D2C42B3048D2003FAF1D /* FirebaseDatabase */,
				6781D2C62B3048D2003FAF1D /* FirebaseDatabaseSwift */,
				6781D2C82B3048D2003FAF1D /* FirebaseDynamicLinks */,
				6781D2CA2B3048D2003FAF1D /* FirebaseFirestore */,
				6781D2CC2B3048D2003FAF1D /* FirebaseFirestoreCombine-Community */,
				6781D2CE2B3048D2003FAF1D /* FirebaseFirestoreSwift */,
				6781D2D02B3048D2003FAF1D /* FirebaseFunctions */,
				6781D2D22B3048D2003FAF1D /* FirebaseFunctionsCombine-Community */,
				6781D2D42B3048D2003FAF1D /* FirebaseInAppMessaging-Beta */,
				6781D2D62B3048D2003FAF1D /* FirebaseInAppMessagingSwift-Beta */,
				6781D2D82B3048D2003FAF1D /* FirebaseInstallations */,
				6781D2DA2B3048D2003FAF1D /* FirebaseMLModelDownloader */,
				6781D2DC2B3048D2003FAF1D /* FirebaseMessaging */,
				6781D2DE2B3048D2003FAF1D /* FirebasePerformance */,
				6781D2E02B3048D2003FAF1D /* FirebaseRemoteConfig */,
				6781D2E22B3048D2003FAF1D /* FirebaseRemoteConfigSwift */,
				6781D2E42B3048D2003FAF1D /* FirebaseStorage */,
				6781D2E62B3048D2003FAF1D /* FirebaseStorageCombine-Community */,
			);
			productName = Have;
			productReference = 67F13E7E2B1F2BC300525CA6 /* Have.app */;
			productType = "com.apple.product-type.application";
		};
/* End PBXNativeTarget section */

/* Begin PBXProject section */
		67F13E762B1F2BC300525CA6 /* Project object */ = {
			isa = PBXProject;
			attributes = {
				BuildIndependentTargetsInParallel = 1;
				LastSwiftUpdateCheck = 1500;
				LastUpgradeCheck = 1500;
				TargetAttributes = {
					67F13E7D2B1F2BC300525CA6 = {
						CreatedOnToolsVersion = 15.0.1;
					};
				};
			};
			buildConfigurationList = 67F13E792B1F2BC300525CA6 /* Build configuration list for PBXProject "Have" */;
			compatibilityVersion = "Xcode 14.0";
			developmentRegion = en;
			hasScannedForEncodings = 0;
			knownRegions = (
				en,
				Base,
			);
			mainGroup = 67F13E752B1F2BC300525CA6;
			packageReferences = (
				6781D2B12B3048D2003FAF1D /* XCRemoteSwiftPackageReference "firebase-ios-sdk" */,
			);
			productRefGroup = 67F13E7F2B1F2BC300525CA6 /* Products */;
			projectDirPath = "";
			projectRoot = "";
			targets = (
				67F13E7D2B1F2BC300525CA6 /* Have */,
			);
		};
/* End PBXProject section */

/* Begin PBXResourcesBuildPhase section */
		67F13E7C2B1F2BC300525CA6 /* Resources */ = {
			isa = PBXResourcesBuildPhase;
			buildActionMask = 2147483647;
			files = (
				67F13E992B1F2BDD00525CA6 /* .gitignore in Resources */,
				67F13E912B1F2BC500525CA6 /* LaunchScreen.storyboard in Resources */,
				67F4EFBC2B3BC7B5004642D9 /* GoogleService-Info.plist in Resources */,
				67F13E8E2B1F2BC500525CA6 /* Assets.xcassets in Resources */,
				67F13E892B1F2BC300525CA6 /* Main.storyboard in Resources */,
			);
			runOnlyForDeploymentPostprocessing = 0;
		};
/* End PBXResourcesBuildPhase section */

/* Begin PBXSourcesBuildPhase section */
		67F13E7A2B1F2BC300525CA6 /* Sources */ = {
			isa = PBXSourcesBuildPhase;
			buildActionMask = 2147483647;
			files = (
				676A5BAA2B29B76900BA1661 /* ReminderListViewController.swift in Sources */,
				6781D29E2B3022CB003FAF1D /* ReminderFirestore.swift in Sources */,
				67F13E862B1F2BC300525CA6 /* RemindersViewController.swift in Sources */,
				6781D2F12B307539003FAF1D /* DefaultReminderListRepository.swift in Sources */,
				676A5B9E2B2998FA00BA1661 /* ReminderList.swift in Sources */,
				67F13E8C2B1F2BC300525CA6 /* Have.xcdatamodeld in Sources */,
				671AC9762B2C47C900C86D73 /* SelectReminderListViewController.swift in Sources */,
				677B95622B2AE6510002D4FE /* ReminderListViewController+DataSource.swift in Sources */,
				6781D2A72B304605003FAF1D /* NetworkReminderList.swift in Sources */,
				677B955E2B2AE5E00002D4FE /* ReminderListViewController+Action.swift in Sources */,
				6781D2F32B307553003FAF1D /* DefaultReminderRepository.swift in Sources */,
				676A5BAC2B29D03600BA1661 /* ReminderListsViewController+CellConfiguration.swift in Sources */,
				673965BC2B207281009220AD /* ReminderViewController.swift in Sources */,
				676A5BA72B29B73F00BA1661 /* ReminderListsViewController+DataSource.swift in Sources */,
				67A5A0F12B2D92D9009AA74E /* ReminderRepository.swift in Sources */,
				67D6F9E52B20680D0095AA11 /* ReminderCompleteButton.swift in Sources */,
				6781D2A92B304611003FAF1D /* NetworkReminder.swift in Sources */,
				671AC97C2B2C5B7300C86D73 /* ReminderMockRepository.swift in Sources */,
				6748B85E2B33CC5E0049AE6B /* ReminderListNetworkDataSource.swift in Sources */,
				6769F5442B1F6ED40074B2A1 /* RemindersViewController+DataSource.swift in Sources */,
				67F13E822B1F2BC300525CA6 /* AppDelegate.swift in Sources */,
				671E801F2B359396009D1A4D /* RemindersViewController+CellConfiguration.swift in Sources */,
				6781D29A2B302063003FAF1D /* DefaultReminderNetworkDataSource.swift in Sources */,
				67F13E842B1F2BC300525CA6 /* SceneDelegate.swift in Sources */,
				67AA78712B28449F007AE7BE /* AddReminderButton.swift in Sources */,
				67CEE46A2B31B78000D9ACE1 /* UIColor+Hex.swift in Sources */,
				677B95652B2B08740002D4FE /* UIView+Hierarchy.swift in Sources */,
				6781D2AE2B304695003FAF1D /* ReminderList+Mapping.swift in Sources */,
				6781D2AC2B30468C003FAF1D /* Reminder+Mapping.swift in Sources */,
				673965C22B208018009220AD /* ReminderViewController+CellConfiguration.swift in Sources */,
				676A5BA52B29B73400BA1661 /* ReminderListsViewController+Action.swift in Sources */,
				677B955C2B2AE3510002D4FE /* ReminderListNameContentView.swift in Sources */,
				676A5BA12B299AFD00BA1661 /* ReminderListsViewController.swift in Sources */,
				673965C42B20805A009220AD /* TextViewContentView.swift in Sources */,
				673965C62B20ADBE009220AD /* DatePickerContentView.swift in Sources */,
				671E801D2B3563FD009D1A4D /* ArrayExtensions.swift in Sources */,
				6748B8602B33CC770049AE6B /* ReminderNetworkDataSource.swift in Sources */,
				67E1050D2B22D40100151738 /* ReminderViewController+Action.swift in Sources */,
				67D6F9E72B206A1A0095AA11 /* RemindersViewController+Action.swift in Sources */,
				671AC97A2B2C59A200C86D73 /* ReminderListMockRepository.swift in Sources */,
				67F13E9E2B1F381100525CA6 /* Reminder+DateTime.swift in Sources */,
				67A5A0EF2B2D92CA009AA74E /* ReminderListRepository.swift in Sources */,
				6754A2252B21A2E50050AC41 /* ReminderViewController+DataSource.swift in Sources */,
				67F13E9C2B1F2FD100525CA6 /* Reminder.swift in Sources */,
				67E1050F2B22D50700151738 /* TimePickerContentView.swift in Sources */,
				6781D29C2B30206D003FAF1D /* DefaultReminderListNetworkDataSource.swift in Sources */,
				6781D2E92B30517C003FAF1D /* ReminderListType.swift in Sources */,
				675512712B270D15005589CB /* PlaceholderTextView.swift in Sources */,
			);
			runOnlyForDeploymentPostprocessing = 0;
		};
/* End PBXSourcesBuildPhase section */

/* Begin PBXVariantGroup section */
		67F13E872B1F2BC300525CA6 /* Main.storyboard */ = {
			isa = PBXVariantGroup;
			children = (
				67F13E882B1F2BC300525CA6 /* Base */,
			);
			name = Main.storyboard;
			sourceTree = "<group>";
		};
		67F13E8F2B1F2BC500525CA6 /* LaunchScreen.storyboard */ = {
			isa = PBXVariantGroup;
			children = (
				67F13E902B1F2BC500525CA6 /* Base */,
			);
			name = LaunchScreen.storyboard;
			sourceTree = "<group>";
		};
/* End PBXVariantGroup section */

/* Begin XCBuildConfiguration section */
		67F13E932B1F2BC500525CA6 /* Debug */ = {
			isa = XCBuildConfiguration;
			buildSettings = {
				ALWAYS_SEARCH_USER_PATHS = NO;
				ASSETCATALOG_COMPILER_GENERATE_SWIFT_ASSET_SYMBOL_EXTENSIONS = YES;
				CLANG_ANALYZER_NONNULL = YES;
				CLANG_ANALYZER_NUMBER_OBJECT_CONVERSION = YES_AGGRESSIVE;
				CLANG_CXX_LANGUAGE_STANDARD = "gnu++20";
				CLANG_ENABLE_MODULES = YES;
				CLANG_ENABLE_OBJC_ARC = YES;
				CLANG_ENABLE_OBJC_WEAK = YES;
				CLANG_WARN_BLOCK_CAPTURE_AUTORELEASING = YES;
				CLANG_WARN_BOOL_CONVERSION = YES;
				CLANG_WARN_COMMA = YES;
				CLANG_WARN_CONSTANT_CONVERSION = YES;
				CLANG_WARN_DEPRECATED_OBJC_IMPLEMENTATIONS = YES;
				CLANG_WARN_DIRECT_OBJC_ISA_USAGE = YES_ERROR;
				CLANG_WARN_DOCUMENTATION_COMMENTS = YES;
				CLANG_WARN_EMPTY_BODY = YES;
				CLANG_WARN_ENUM_CONVERSION = YES;
				CLANG_WARN_INFINITE_RECURSION = YES;
				CLANG_WARN_INT_CONVERSION = YES;
				CLANG_WARN_NON_LITERAL_NULL_CONVERSION = YES;
				CLANG_WARN_OBJC_IMPLICIT_RETAIN_SELF = YES;
				CLANG_WARN_OBJC_LITERAL_CONVERSION = YES;
				CLANG_WARN_OBJC_ROOT_CLASS = YES_ERROR;
				CLANG_WARN_QUOTED_INCLUDE_IN_FRAMEWORK_HEADER = YES;
				CLANG_WARN_RANGE_LOOP_ANALYSIS = YES;
				CLANG_WARN_STRICT_PROTOTYPES = YES;
				CLANG_WARN_SUSPICIOUS_MOVE = YES;
				CLANG_WARN_UNGUARDED_AVAILABILITY = YES_AGGRESSIVE;
				CLANG_WARN_UNREACHABLE_CODE = YES;
				CLANG_WARN__DUPLICATE_METHOD_MATCH = YES;
				COPY_PHASE_STRIP = NO;
				DEBUG_INFORMATION_FORMAT = dwarf;
				ENABLE_STRICT_OBJC_MSGSEND = YES;
				ENABLE_TESTABILITY = YES;
				ENABLE_USER_SCRIPT_SANDBOXING = YES;
				GCC_C_LANGUAGE_STANDARD = gnu17;
				GCC_DYNAMIC_NO_PIC = NO;
				GCC_NO_COMMON_BLOCKS = YES;
				GCC_OPTIMIZATION_LEVEL = 0;
				GCC_PREPROCESSOR_DEFINITIONS = (
					"DEBUG=1",
					"$(inherited)",
				);
				GCC_WARN_64_TO_32_BIT_CONVERSION = YES;
				GCC_WARN_ABOUT_RETURN_TYPE = YES_ERROR;
				GCC_WARN_UNDECLARED_SELECTOR = YES;
				GCC_WARN_UNINITIALIZED_AUTOS = YES_AGGRESSIVE;
				GCC_WARN_UNUSED_FUNCTION = YES;
				GCC_WARN_UNUSED_VARIABLE = YES;
				IPHONEOS_DEPLOYMENT_TARGET = 17.0;
				LOCALIZATION_PREFERS_STRING_CATALOGS = YES;
				MTL_ENABLE_DEBUG_INFO = INCLUDE_SOURCE;
				MTL_FAST_MATH = YES;
				ONLY_ACTIVE_ARCH = YES;
				SDKROOT = iphoneos;
				SWIFT_ACTIVE_COMPILATION_CONDITIONS = "DEBUG $(inherited)";
				SWIFT_OPTIMIZATION_LEVEL = "-Onone";
			};
			name = Debug;
		};
		67F13E942B1F2BC500525CA6 /* Release */ = {
			isa = XCBuildConfiguration;
			buildSettings = {
				ALWAYS_SEARCH_USER_PATHS = NO;
				ASSETCATALOG_COMPILER_GENERATE_SWIFT_ASSET_SYMBOL_EXTENSIONS = YES;
				CLANG_ANALYZER_NONNULL = YES;
				CLANG_ANALYZER_NUMBER_OBJECT_CONVERSION = YES_AGGRESSIVE;
				CLANG_CXX_LANGUAGE_STANDARD = "gnu++20";
				CLANG_ENABLE_MODULES = YES;
				CLANG_ENABLE_OBJC_ARC = YES;
				CLANG_ENABLE_OBJC_WEAK = YES;
				CLANG_WARN_BLOCK_CAPTURE_AUTORELEASING = YES;
				CLANG_WARN_BOOL_CONVERSION = YES;
				CLANG_WARN_COMMA = YES;
				CLANG_WARN_CONSTANT_CONVERSION = YES;
				CLANG_WARN_DEPRECATED_OBJC_IMPLEMENTATIONS = YES;
				CLANG_WARN_DIRECT_OBJC_ISA_USAGE = YES_ERROR;
				CLANG_WARN_DOCUMENTATION_COMMENTS = YES;
				CLANG_WARN_EMPTY_BODY = YES;
				CLANG_WARN_ENUM_CONVERSION = YES;
				CLANG_WARN_INFINITE_RECURSION = YES;
				CLANG_WARN_INT_CONVERSION = YES;
				CLANG_WARN_NON_LITERAL_NULL_CONVERSION = YES;
				CLANG_WARN_OBJC_IMPLICIT_RETAIN_SELF = YES;
				CLANG_WARN_OBJC_LITERAL_CONVERSION = YES;
				CLANG_WARN_OBJC_ROOT_CLASS = YES_ERROR;
				CLANG_WARN_QUOTED_INCLUDE_IN_FRAMEWORK_HEADER = YES;
				CLANG_WARN_RANGE_LOOP_ANALYSIS = YES;
				CLANG_WARN_STRICT_PROTOTYPES = YES;
				CLANG_WARN_SUSPICIOUS_MOVE = YES;
				CLANG_WARN_UNGUARDED_AVAILABILITY = YES_AGGRESSIVE;
				CLANG_WARN_UNREACHABLE_CODE = YES;
				CLANG_WARN__DUPLICATE_METHOD_MATCH = YES;
				COPY_PHASE_STRIP = NO;
				DEBUG_INFORMATION_FORMAT = "dwarf-with-dsym";
				ENABLE_NS_ASSERTIONS = NO;
				ENABLE_STRICT_OBJC_MSGSEND = YES;
				ENABLE_USER_SCRIPT_SANDBOXING = YES;
				GCC_C_LANGUAGE_STANDARD = gnu17;
				GCC_NO_COMMON_BLOCKS = YES;
				GCC_WARN_64_TO_32_BIT_CONVERSION = YES;
				GCC_WARN_ABOUT_RETURN_TYPE = YES_ERROR;
				GCC_WARN_UNDECLARED_SELECTOR = YES;
				GCC_WARN_UNINITIALIZED_AUTOS = YES_AGGRESSIVE;
				GCC_WARN_UNUSED_FUNCTION = YES;
				GCC_WARN_UNUSED_VARIABLE = YES;
				IPHONEOS_DEPLOYMENT_TARGET = 17.0;
				LOCALIZATION_PREFERS_STRING_CATALOGS = YES;
				MTL_ENABLE_DEBUG_INFO = NO;
				MTL_FAST_MATH = YES;
				SDKROOT = iphoneos;
				SWIFT_COMPILATION_MODE = wholemodule;
				VALIDATE_PRODUCT = YES;
			};
			name = Release;
		};
		67F13E962B1F2BC500525CA6 /* Debug */ = {
			isa = XCBuildConfiguration;
			buildSettings = {
				ASSETCATALOG_COMPILER_APPICON_NAME = AppIcon;
				ASSETCATALOG_COMPILER_GLOBAL_ACCENT_COLOR_NAME = AccentColor;
				CODE_SIGN_STYLE = Automatic;
				CURRENT_PROJECT_VERSION = 1;
				DEVELOPMENT_TEAM = 2R4QS48Y83;
				GENERATE_INFOPLIST_FILE = YES;
				INFOPLIST_FILE = Have/Info.plist;
				INFOPLIST_KEY_UIApplicationSupportsIndirectInputEvents = YES;
				INFOPLIST_KEY_UILaunchStoryboardName = LaunchScreen;
				INFOPLIST_KEY_UIMainStoryboardFile = Main;
				INFOPLIST_KEY_UISupportedInterfaceOrientations_iPad = "UIInterfaceOrientationPortrait UIInterfaceOrientationPortraitUpsideDown UIInterfaceOrientationLandscapeLeft UIInterfaceOrientationLandscapeRight";
				INFOPLIST_KEY_UISupportedInterfaceOrientations_iPhone = "UIInterfaceOrientationPortrait UIInterfaceOrientationLandscapeLeft UIInterfaceOrientationLandscapeRight";
				LD_RUNPATH_SEARCH_PATHS = (
					"$(inherited)",
					"@executable_path/Frameworks",
				);
				MARKETING_VERSION = 1.0;
				PRODUCT_BUNDLE_IDENTIFIER = com.minseongkim.samplecode.Have;
				PRODUCT_NAME = "$(TARGET_NAME)";
				SWIFT_EMIT_LOC_STRINGS = YES;
				SWIFT_VERSION = 5.0;
				TARGETED_DEVICE_FAMILY = "1,2";
			};
			name = Debug;
		};
		67F13E972B1F2BC500525CA6 /* Release */ = {
			isa = XCBuildConfiguration;
			buildSettings = {
				ASSETCATALOG_COMPILER_APPICON_NAME = AppIcon;
				ASSETCATALOG_COMPILER_GLOBAL_ACCENT_COLOR_NAME = AccentColor;
				CODE_SIGN_STYLE = Automatic;
				CURRENT_PROJECT_VERSION = 1;
				DEVELOPMENT_TEAM = 2R4QS48Y83;
				GENERATE_INFOPLIST_FILE = YES;
				INFOPLIST_FILE = Have/Info.plist;
				INFOPLIST_KEY_UIApplicationSupportsIndirectInputEvents = YES;
				INFOPLIST_KEY_UILaunchStoryboardName = LaunchScreen;
				INFOPLIST_KEY_UIMainStoryboardFile = Main;
				INFOPLIST_KEY_UISupportedInterfaceOrientations_iPad = "UIInterfaceOrientationPortrait UIInterfaceOrientationPortraitUpsideDown UIInterfaceOrientationLandscapeLeft UIInterfaceOrientationLandscapeRight";
				INFOPLIST_KEY_UISupportedInterfaceOrientations_iPhone = "UIInterfaceOrientationPortrait UIInterfaceOrientationLandscapeLeft UIInterfaceOrientationLandscapeRight";
				LD_RUNPATH_SEARCH_PATHS = (
					"$(inherited)",
					"@executable_path/Frameworks",
				);
				MARKETING_VERSION = 1.0;
				PRODUCT_BUNDLE_IDENTIFIER = com.minseongkim.samplecode.Have;
				PRODUCT_NAME = "$(TARGET_NAME)";
				SWIFT_EMIT_LOC_STRINGS = YES;
				SWIFT_VERSION = 5.0;
				TARGETED_DEVICE_FAMILY = "1,2";
			};
			name = Release;
		};
/* End XCBuildConfiguration section */

/* Begin XCConfigurationList section */
		67F13E792B1F2BC300525CA6 /* Build configuration list for PBXProject "Have" */ = {
			isa = XCConfigurationList;
			buildConfigurations = (
				67F13E932B1F2BC500525CA6 /* Debug */,
				67F13E942B1F2BC500525CA6 /* Release */,
			);
			defaultConfigurationIsVisible = 0;
			defaultConfigurationName = Release;
		};
		67F13E952B1F2BC500525CA6 /* Build configuration list for PBXNativeTarget "Have" */ = {
			isa = XCConfigurationList;
			buildConfigurations = (
				67F13E962B1F2BC500525CA6 /* Debug */,
				67F13E972B1F2BC500525CA6 /* Release */,
			);
			defaultConfigurationIsVisible = 0;
			defaultConfigurationName = Release;
		};
/* End XCConfigurationList section */

/* Begin XCRemoteSwiftPackageReference section */
		6781D2B12B3048D2003FAF1D /* XCRemoteSwiftPackageReference "firebase-ios-sdk" */ = {
			isa = XCRemoteSwiftPackageReference;
			repositoryURL = "https://github.com/firebase/firebase-ios-sdk";
			requirement = {
				kind = upToNextMajorVersion;
				minimumVersion = 10.19.1;
			};
		};
/* End XCRemoteSwiftPackageReference section */

/* Begin XCSwiftPackageProductDependency section */
		6781D2B22B3048D2003FAF1D /* FirebaseAnalytics */ = {
			isa = XCSwiftPackageProductDependency;
			package = 6781D2B12B3048D2003FAF1D /* XCRemoteSwiftPackageReference "firebase-ios-sdk" */;
			productName = FirebaseAnalytics;
		};
		6781D2B42B3048D2003FAF1D /* FirebaseAnalyticsOnDeviceConversion */ = {
			isa = XCSwiftPackageProductDependency;
			package = 6781D2B12B3048D2003FAF1D /* XCRemoteSwiftPackageReference "firebase-ios-sdk" */;
			productName = FirebaseAnalyticsOnDeviceConversion;
		};
		6781D2B62B3048D2003FAF1D /* FirebaseAnalyticsSwift */ = {
			isa = XCSwiftPackageProductDependency;
			package = 6781D2B12B3048D2003FAF1D /* XCRemoteSwiftPackageReference "firebase-ios-sdk" */;
			productName = FirebaseAnalyticsSwift;
		};
		6781D2B82B3048D2003FAF1D /* FirebaseAnalyticsWithoutAdIdSupport */ = {
			isa = XCSwiftPackageProductDependency;
			package = 6781D2B12B3048D2003FAF1D /* XCRemoteSwiftPackageReference "firebase-ios-sdk" */;
			productName = FirebaseAnalyticsWithoutAdIdSupport;
		};
		6781D2BA2B3048D2003FAF1D /* FirebaseAppCheck */ = {
			isa = XCSwiftPackageProductDependency;
			package = 6781D2B12B3048D2003FAF1D /* XCRemoteSwiftPackageReference "firebase-ios-sdk" */;
			productName = FirebaseAppCheck;
		};
		6781D2BC2B3048D2003FAF1D /* FirebaseAppDistribution-Beta */ = {
			isa = XCSwiftPackageProductDependency;
			package = 6781D2B12B3048D2003FAF1D /* XCRemoteSwiftPackageReference "firebase-ios-sdk" */;
			productName = "FirebaseAppDistribution-Beta";
		};
		6781D2BE2B3048D2003FAF1D /* FirebaseAuth */ = {
			isa = XCSwiftPackageProductDependency;
			package = 6781D2B12B3048D2003FAF1D /* XCRemoteSwiftPackageReference "firebase-ios-sdk" */;
			productName = FirebaseAuth;
		};
		6781D2C02B3048D2003FAF1D /* FirebaseAuthCombine-Community */ = {
			isa = XCSwiftPackageProductDependency;
			package = 6781D2B12B3048D2003FAF1D /* XCRemoteSwiftPackageReference "firebase-ios-sdk" */;
			productName = "FirebaseAuthCombine-Community";
		};
		6781D2C22B3048D2003FAF1D /* FirebaseCrashlytics */ = {
			isa = XCSwiftPackageProductDependency;
			package = 6781D2B12B3048D2003FAF1D /* XCRemoteSwiftPackageReference "firebase-ios-sdk" */;
			productName = FirebaseCrashlytics;
		};
		6781D2C42B3048D2003FAF1D /* FirebaseDatabase */ = {
			isa = XCSwiftPackageProductDependency;
			package = 6781D2B12B3048D2003FAF1D /* XCRemoteSwiftPackageReference "firebase-ios-sdk" */;
			productName = FirebaseDatabase;
		};
		6781D2C62B3048D2003FAF1D /* FirebaseDatabaseSwift */ = {
			isa = XCSwiftPackageProductDependency;
			package = 6781D2B12B3048D2003FAF1D /* XCRemoteSwiftPackageReference "firebase-ios-sdk" */;
			productName = FirebaseDatabaseSwift;
		};
		6781D2C82B3048D2003FAF1D /* FirebaseDynamicLinks */ = {
			isa = XCSwiftPackageProductDependency;
			package = 6781D2B12B3048D2003FAF1D /* XCRemoteSwiftPackageReference "firebase-ios-sdk" */;
			productName = FirebaseDynamicLinks;
		};
		6781D2CA2B3048D2003FAF1D /* FirebaseFirestore */ = {
			isa = XCSwiftPackageProductDependency;
			package = 6781D2B12B3048D2003FAF1D /* XCRemoteSwiftPackageReference "firebase-ios-sdk" */;
			productName = FirebaseFirestore;
		};
		6781D2CC2B3048D2003FAF1D /* FirebaseFirestoreCombine-Community */ = {
			isa = XCSwiftPackageProductDependency;
			package = 6781D2B12B3048D2003FAF1D /* XCRemoteSwiftPackageReference "firebase-ios-sdk" */;
			productName = "FirebaseFirestoreCombine-Community";
		};
		6781D2CE2B3048D2003FAF1D /* FirebaseFirestoreSwift */ = {
			isa = XCSwiftPackageProductDependency;
			package = 6781D2B12B3048D2003FAF1D /* XCRemoteSwiftPackageReference "firebase-ios-sdk" */;
			productName = FirebaseFirestoreSwift;
		};
		6781D2D02B3048D2003FAF1D /* FirebaseFunctions */ = {
			isa = XCSwiftPackageProductDependency;
			package = 6781D2B12B3048D2003FAF1D /* XCRemoteSwiftPackageReference "firebase-ios-sdk" */;
			productName = FirebaseFunctions;
		};
		6781D2D22B3048D2003FAF1D /* FirebaseFunctionsCombine-Community */ = {
			isa = XCSwiftPackageProductDependency;
			package = 6781D2B12B3048D2003FAF1D /* XCRemoteSwiftPackageReference "firebase-ios-sdk" */;
			productName = "FirebaseFunctionsCombine-Community";
		};
		6781D2D42B3048D2003FAF1D /* FirebaseInAppMessaging-Beta */ = {
			isa = XCSwiftPackageProductDependency;
			package = 6781D2B12B3048D2003FAF1D /* XCRemoteSwiftPackageReference "firebase-ios-sdk" */;
			productName = "FirebaseInAppMessaging-Beta";
		};
		6781D2D62B3048D2003FAF1D /* FirebaseInAppMessagingSwift-Beta */ = {
			isa = XCSwiftPackageProductDependency;
			package = 6781D2B12B3048D2003FAF1D /* XCRemoteSwiftPackageReference "firebase-ios-sdk" */;
			productName = "FirebaseInAppMessagingSwift-Beta";
		};
		6781D2D82B3048D2003FAF1D /* FirebaseInstallations */ = {
			isa = XCSwiftPackageProductDependency;
			package = 6781D2B12B3048D2003FAF1D /* XCRemoteSwiftPackageReference "firebase-ios-sdk" */;
			productName = FirebaseInstallations;
		};
		6781D2DA2B3048D2003FAF1D /* FirebaseMLModelDownloader */ = {
			isa = XCSwiftPackageProductDependency;
			package = 6781D2B12B3048D2003FAF1D /* XCRemoteSwiftPackageReference "firebase-ios-sdk" */;
			productName = FirebaseMLModelDownloader;
		};
		6781D2DC2B3048D2003FAF1D /* FirebaseMessaging */ = {
			isa = XCSwiftPackageProductDependency;
			package = 6781D2B12B3048D2003FAF1D /* XCRemoteSwiftPackageReference "firebase-ios-sdk" */;
			productName = FirebaseMessaging;
		};
		6781D2DE2B3048D2003FAF1D /* FirebasePerformance */ = {
			isa = XCSwiftPackageProductDependency;
			package = 6781D2B12B3048D2003FAF1D /* XCRemoteSwiftPackageReference "firebase-ios-sdk" */;
			productName = FirebasePerformance;
		};
		6781D2E02B3048D2003FAF1D /* FirebaseRemoteConfig */ = {
			isa = XCSwiftPackageProductDependency;
			package = 6781D2B12B3048D2003FAF1D /* XCRemoteSwiftPackageReference "firebase-ios-sdk" */;
			productName = FirebaseRemoteConfig;
		};
		6781D2E22B3048D2003FAF1D /* FirebaseRemoteConfigSwift */ = {
			isa = XCSwiftPackageProductDependency;
			package = 6781D2B12B3048D2003FAF1D /* XCRemoteSwiftPackageReference "firebase-ios-sdk" */;
			productName = FirebaseRemoteConfigSwift;
		};
		6781D2E42B3048D2003FAF1D /* FirebaseStorage */ = {
			isa = XCSwiftPackageProductDependency;
			package = 6781D2B12B3048D2003FAF1D /* XCRemoteSwiftPackageReference "firebase-ios-sdk" */;
			productName = FirebaseStorage;
		};
		6781D2E62B3048D2003FAF1D /* FirebaseStorageCombine-Community */ = {
			isa = XCSwiftPackageProductDependency;
			package = 6781D2B12B3048D2003FAF1D /* XCRemoteSwiftPackageReference "firebase-ios-sdk" */;
			productName = "FirebaseStorageCombine-Community";
		};
/* End XCSwiftPackageProductDependency section */

/* Begin XCVersionGroup section */
		67F13E8A2B1F2BC300525CA6 /* Have.xcdatamodeld */ = {
			isa = XCVersionGroup;
			children = (
				67F13E8B2B1F2BC300525CA6 /* Have.xcdatamodel */,
			);
			currentVersion = 67F13E8B2B1F2BC300525CA6 /* Have.xcdatamodel */;
			path = Have.xcdatamodeld;
			sourceTree = "<group>";
			versionGroupType = wrapper.xcdatamodel;
		};
/* End XCVersionGroup section */
	};
	rootObject = 67F13E762B1F2BC300525CA6 /* Project object */;
}
